// !$*UTF8*$!
{
	archiveVersion = 1;
	classes = {
	};
	objectVersion = 50;
	objects = {

/* Begin PBXBuildFile section */
		047DA4F32493B7BE0071A4B7 /* AppDelegate.swift in Sources */ = {isa = PBXBuildFile; fileRef = 047DA4F22493B7BE0071A4B7 /* AppDelegate.swift */; };
		047DA4F52493B7BE0071A4B7 /* SceneDelegate.swift in Sources */ = {isa = PBXBuildFile; fileRef = 047DA4F42493B7BE0071A4B7 /* SceneDelegate.swift */; };
		047DA4F72493B7BE0071A4B7 /* ViewController.swift in Sources */ = {isa = PBXBuildFile; fileRef = 047DA4F62493B7BE0071A4B7 /* ViewController.swift */; };
		047DA4FA2493B7BE0071A4B7 /* Main.storyboard in Resources */ = {isa = PBXBuildFile; fileRef = 047DA4F82493B7BE0071A4B7 /* Main.storyboard */; };
		047DA4FC2493B7BF0071A4B7 /* Assets.xcassets in Resources */ = {isa = PBXBuildFile; fileRef = 047DA4FB2493B7BF0071A4B7 /* Assets.xcassets */; };
		047DA4FF2493B7BF0071A4B7 /* LaunchScreen.storyboard in Resources */ = {isa = PBXBuildFile; fileRef = 047DA4FD2493B7BF0071A4B7 /* LaunchScreen.storyboard */; };
/* End PBXBuildFile section */

/* Begin PBXFileReference section */
		047DA4EF2493B7BE0071A4B7 /* ThaBong.app */ = {isa = PBXFileReference; explicitFileType = wrapper.application; includeInIndex = 0; path = ThaBong.app; sourceTree = BUILT_PRODUCTS_DIR; };
		047DA4F22493B7BE0071A4B7 /* AppDelegate.swift */ = {isa = PBXFileReference; lastKnownFileType = sourcecode.swift; path = AppDelegate.swift; sourceTree = "<group>"; };
		047DA4F42493B7BE0071A4B7 /* SceneDelegate.swift */ = {isa = PBXFileReference; lastKnownFileType = sourcecode.swift; path = SceneDelegate.swift; sourceTree = "<group>"; };
		047DA4F62493B7BE0071A4B7 /* ViewController.swift */ = {isa = PBXFileReference; lastKnownFileType = sourcecode.swift; path = ViewController.swift; sourceTree = "<group>"; };
		047DA4F92493B7BE0071A4B7 /* Base */ = {isa = PBXFileReference; lastKnownFileType = file.storyboard; name = Base; path = Base.lproj/Main.storyboard; sourceTree = "<group>"; };
		047DA4FB2493B7BF0071A4B7 /* Assets.xcassets */ = {isa = PBXFileReference; lastKnownFileType = folder.assetcatalog; path = Assets.xcassets; sourceTree = "<group>"; };
		047DA4FE2493B7BF0071A4B7 /* Base */ = {isa = PBXFileReference; lastKnownFileType = file.storyboard; name = Base; path = Base.lproj/LaunchScreen.storyboard; sourceTree = "<group>"; };
		047DA5002493B7BF0071A4B7 /* Info.plist */ = {isa = PBXFileReference; lastKnownFileType = text.plist.xml; path = Info.plist; sourceTree = "<group>"; };
		047DA5062493B7D00071A4B7 /* README.md */ = {isa = PBXFileReference; lastKnownFileType = net.daringfireball.markdown; path = README.md; sourceTree = "<group>"; };
/* End PBXFileReference section */

/* Begin PBXFrameworksBuildPhase section */
		047DA4EC2493B7BE0071A4B7 /* Frameworks */ = {
			isa = PBXFrameworksBuildPhase;
			buildActionMask = 2147483647;
			files = (
			);
			runOnlyForDeploymentPostprocessing = 0;
		};
/* End PBXFrameworksBuildPhase section */

/* Begin PBXGroup section */
		047DA4E62493B7BE0071A4B7 = {
			isa = PBXGroup;
			children = (
				047DA5062493B7D00071A4B7 /* README.md */,
				047DA4F12493B7BE0071A4B7 /* ThaBong */,
				047DA4F02493B7BE0071A4B7 /* Products */,
			);
			sourceTree = "<group>";
		};
		047DA4F02493B7BE0071A4B7 /* Products */ = {
			isa = PBXGroup;
			children = (
				047DA4EF2493B7BE0071A4B7 /* ThaBong.app */,
			);
			name = Products;
			sourceTree = "<group>";
		};
		047DA4F12493B7BE0071A4B7 /* ThaBong */ = {
			isa = PBXGroup;
			children = (
				047DA4F22493B7BE0071A4B7 /* AppDelegate.swift */,
				047DA4F42493B7BE0071A4B7 /* SceneDelegate.swift */,
				047DA4F62493B7BE0071A4B7 /* ViewController.swift */,
				047DA4F82493B7BE0071A4B7 /* Main.storyboard */,
				047DA4FB2493B7BF0071A4B7 /* Assets.xcassets */,
				047DA4FD2493B7BF0071A4B7 /* LaunchScreen.storyboard */,
				047DA5002493B7BF0071A4B7 /* Info.plist */,
			);
			path = ThaBong;
			sourceTree = "<group>";
		};
/* End PBXGroup section */

/* Begin PBXNativeTarget section */
		047DA4EE2493B7BE0071A4B7 /* ThaBong */ = {
			isa = PBXNativeTarget;
			buildConfigurationList = 047DA5032493B7BF0071A4B7 /* Build configuration list for PBXNativeTarget "ThaBong" */;
			buildPhases = (
				047DA4EB2493B7BE0071A4B7 /* Sources */,
				047DA4EC2493B7BE0071A4B7 /* Frameworks */,
				047DA4ED2493B7BE0071A4B7 /* Resources */,
			);
			buildRules = (
			);
			dependencies = (
			);
			name = ThaBong;
			productName = ThaBong;
			productReference = 047DA4EF2493B7BE0071A4B7 /* ThaBong.app */;
			productType = "com.apple.product-type.application";
		};
/* End PBXNativeTarget section */

/* Begin PBXProject section */
		047DA4E72493B7BE0071A4B7 /* Project object */ = {
			isa = PBXProject;
			attributes = {
				LastSwiftUpdateCheck = 1150;
				LastUpgradeCheck = 1150;
				ORGANIZATIONNAME = Shin;
				TargetAttributes = {
					047DA4EE2493B7BE0071A4B7 = {
						CreatedOnToolsVersion = 11.5;
					};
				};
			};
			buildConfigurationList = 047DA4EA2493B7BE0071A4B7 /* Build configuration list for PBXProject "ThaBong" */;
			compatibilityVersion = "Xcode 9.3";
			developmentRegion = en;
			hasScannedForEncodings = 0;
			knownRegions = (
				en,
				Base,
			);
			mainGroup = 047DA4E62493B7BE0071A4B7;
			productRefGroup = 047DA4F02493B7BE0071A4B7 /* Products */;
			projectDirPath = "";
			projectRoot = "";
			targets = (
				047DA4EE2493B7BE0071A4B7 /* ThaBong */,
			);
		};
/* End PBXProject section */

/* Begin PBXResourcesBuildPhase section */
		047DA4ED2493B7BE0071A4B7 /* Resources */ = {
			isa = PBXResourcesBuildPhase;
			buildActionMask = 2147483647;
			files = (
				047DA4FF2493B7BF0071A4B7 /* LaunchScreen.storyboard in Resources */,
				047DA4FC2493B7BF0071A4B7 /* Assets.xcassets in Resources */,
				047DA4FA2493B7BE0071A4B7 /* Main.storyboard in Resources */,
			);
			runOnlyForDeploymentPostprocessing = 0;
		};
/* End PBXResourcesBuildPhase section */

/* Begin PBXSourcesBuildPhase section */
		047DA4EB2493B7BE0071A4B7 /* Sources */ = {
			isa = PBXSourcesBuildPhase;
			buildActionMask = 2147483647;
			files = (
				047DA4F72493B7BE0071A4B7 /* ViewController.swift in Sources */,
				047DA4F32493B7BE0071A4B7 /* AppDelegate.swift in Sources */,
				047DA4F52493B7BE0071A4B7 /* SceneDelegate.swift in Sources */,
			);
			runOnlyForDeploymentPostprocessing = 0;
		};
/* End PBXSourcesBuildPhase section */

/* Begin PBXVariantGroup section */
		047DA4F82493B7BE0071A4B7 /* Main.storyboard */ = {
			isa = PBXVariantGroup;
			children = (
				047DA4F92493B7BE0071A4B7 /* Base */,
			);
			name = Main.storyboard;
			sourceTree = "<group>";
		};
		047DA4FD2493B7BF0071A4B7 /* LaunchScreen.storyboard */ = {
			isa = PBXVariantGroup;
			children = (
				047DA4FE2493B7BF0071A4B7 /* Base */,
			);
			name = LaunchScreen.storyboard;
			sourceTree = "<group>";
		};
/* End PBXVariantGroup section */

/* Begin XCBuildConfiguration section */
		047DA5012493B7BF0071A4B7 /* Debug */ = {
			isa = XCBuildConfiguration;
			buildSettings = {
				ALWAYS_SEARCH_USER_PATHS = NO;
				CLANG_ANALYZER_NONNULL = YES;
				CLANG_ANALYZER_NUMBER_OBJECT_CONVERSION = YES_AGGRESSIVE;
				CLANG_CXX_LANGUAGE_STANDARD = "gnu++14";
				CLANG_CXX_LIBRARY = "libc++";
				CLANG_ENABLE_MODULES = YES;
				CLANG_ENABLE_OBJC_ARC = YES;
				CLANG_ENABLE_OBJC_WEAK = YES;
				CLANG_WARN_BLOCK_CAPTURE_AUTORELEASING = YES;
				CLANG_WARN_BOOL_CONVERSION = YES;
				CLANG_WARN_COMMA = YES;
				CLANG_WARN_CONSTANT_CONVERSION = YES;
				CLANG_WARN_DEPRECATED_OBJC_IMPLEMENTATIONS = YES;
				CLANG_WARN_DIRECT_OBJC_ISA_USAGE = YES_ERROR;
				CLANG_WARN_DOCUMENTATION_COMMENTS = YES;
				CLANG_WARN_EMPTY_BODY = YES;
				CLANG_WARN_ENUM_CONVERSION = YES;
				CLANG_WARN_INFINITE_RECURSION = YES;
				CLANG_WARN_INT_CONVERSION = YES;
				CLANG_WARN_NON_LITERAL_NULL_CONVERSION = YES;
				CLANG_WARN_OBJC_IMPLICIT_RETAIN_SELF = YES;
				CLANG_WARN_OBJC_LITERAL_CONVERSION = YES;
				CLANG_WARN_OBJC_ROOT_CLASS = YES_ERROR;
				CLANG_WARN_RANGE_LOOP_ANALYSIS = YES;
				CLANG_WARN_STRICT_PROTOTYPES = YES;
				CLANG_WARN_SUSPICIOUS_MOVE = YES;
				CLANG_WARN_UNGUARDED_AVAILABILITY = YES_AGGRESSIVE;
				CLANG_WARN_UNREACHABLE_CODE = YES;
				CLANG_WARN__DUPLICATE_METHOD_MATCH = YES;
				COPY_PHASE_STRIP = NO;
				DEBUG_INFORMATION_FORMAT = dwarf;
				ENABLE_STRICT_OBJC_MSGSEND = YES;
				ENABLE_TESTABILITY = YES;
				GCC_C_LANGUAGE_STANDARD = gnu11;
				GCC_DYNAMIC_NO_PIC = NO;
				GCC_NO_COMMON_BLOCKS = YES;
				GCC_OPTIMIZATION_LEVEL = 0;
				GCC_PREPROCESSOR_DEFINITIONS = (
					"DEBUG=1",
					"$(inherited)",
				);
				GCC_WARN_64_TO_32_BIT_CONVERSION = YES;
				GCC_WARN_ABOUT_RETURN_TYPE = YES_ERROR;
				GCC_WARN_UNDECLARED_SELECTOR = YES;
				GCC_WARN_UNINITIALIZED_AUTOS = YES_AGGRESSIVE;
				GCC_WARN_UNUSED_FUNCTION = YES;
				GCC_WARN_UNUSED_VARIABLE = YES;
				IPHONEOS_DEPLOYMENT_TARGET = 13.5;
				MTL_ENABLE_DEBUG_INFO = INCLUDE_SOURCE;
				MTL_FAST_MATH = YES;
				ONLY_ACTIVE_ARCH = YES;
				SDKROOT = iphoneos;
				SWIFT_ACTIVE_COMPILATION_CONDITIONS = DEBUG;
				SWIFT_OPTIMIZATION_LEVEL = "-Onone";
			};
			name = Debug;
		};
		047DA5022493B7BF0071A4B7 /* Release */ = {
			isa = XCBuildConfiguration;
			buildSettings = {
				ALWAYS_SEARCH_USER_PATHS = NO;
				CLANG_ANALYZER_NONNULL = YES;
				CLANG_ANALYZER_NUMBER_OBJECT_CONVERSION = YES_AGGRESSIVE;
				CLANG_CXX_LANGUAGE_STANDARD = "gnu++14";
				CLANG_CXX_LIBRARY = "libc++";
				CLANG_ENABLE_MODULES = YES;
				CLANG_ENABLE_OBJC_ARC = YES;
				CLANG_ENABLE_OBJC_WEAK = YES;
				CLANG_WARN_BLOCK_CAPTURE_AUTORELEASING = YES;
				CLANG_WARN_BOOL_CONVERSION = YES;
				CLANG_WARN_COMMA = YES;
				CLANG_WARN_CONSTANT_CONVERSION = YES;
				CLANG_WARN_DEPRECATED_OBJC_IMPLEMENTATIONS = YES;
				CLANG_WARN_DIRECT_OBJC_ISA_USAGE = YES_ERROR;
				CLANG_WARN_DOCUMENTATION_COMMENTS = YES;
				CLANG_WARN_EMPTY_BODY = YES;
				CLANG_WARN_ENUM_CONVERSION = YES;
				CLANG_WARN_INFINITE_RECURSION = YES;
				CLANG_WARN_INT_CONVERSION = YES;
				CLANG_WARN_NON_LITERAL_NULL_CONVERSION = YES;
				CLANG_WARN_OBJC_IMPLICIT_RETAIN_SELF = YES;
				CLANG_WARN_OBJC_LITERAL_CONVERSION = YES;
				CLANG_WARN_OBJC_ROOT_CLASS = YES_ERROR;
				CLANG_WARN_RANGE_LOOP_ANALYSIS = YES;
				CLANG_WARN_STRICT_PROTOTYPES = YES;
				CLANG_WARN_SUSPICIOUS_MOVE = YES;
				CLANG_WARN_UNGUARDED_AVAILABILITY = YES_AGGRESSIVE;
				CLANG_WARN_UNREACHABLE_CODE = YES;
				CLANG_WARN__DUPLICATE_METHOD_MATCH = YES;
				COPY_PHASE_STRIP = NO;
				DEBUG_INFORMATION_FORMAT = "dwarf-with-dsym";
				ENABLE_NS_ASSERTIONS = NO;
				ENABLE_STRICT_OBJC_MSGSEND = YES;
				GCC_C_LANGUAGE_STANDARD = gnu11;
				GCC_NO_COMMON_BLOCKS = YES;
				GCC_WARN_64_TO_32_BIT_CONVERSION = YES;
				GCC_WARN_ABOUT_RETURN_TYPE = YES_ERROR;
				GCC_WARN_UNDECLARED_SELECTOR = YES;
				GCC_WARN_UNINITIALIZED_AUTOS = YES_AGGRESSIVE;
				GCC_WARN_UNUSED_FUNCTION = YES;
				GCC_WARN_UNUSED_VARIABLE = YES;
				IPHONEOS_DEPLOYMENT_TARGET = 13.5;
				MTL_ENABLE_DEBUG_INFO = NO;
				MTL_FAST_MATH = YES;
				SDKROOT = iphoneos;
				SWIFT_COMPILATION_MODE = wholemodule;
				SWIFT_OPTIMIZATION_LEVEL = "-O";
				VALIDATE_PRODUCT = YES;
			};
			name = Release;
		};
		047DA5042493B7BF0071A4B7 /* Debug */ = {
			isa = XCBuildConfiguration;
			buildSettings = {
				ASSETCATALOG_COMPILER_APPICON_NAME = AppIcon;
				CODE_SIGN_STYLE = Automatic;
				INFOPLIST_FILE = ThaBong/Info.plist;
				LD_RUNPATH_SEARCH_PATHS = (
					"$(inherited)",
					"@executable_path/Frameworks",
				);
				PRODUCT_BUNDLE_IDENTIFIER = com.shinhihi.ThaBong;
				PRODUCT_NAME = "$(TARGET_NAME)";
				SWIFT_VERSION = 5.0;
				TARGETED_DEVICE_FAMILY = "1,2";
			};
			name = Debug;
		};
		047DA5052493B7BF0071A4B7 /* Release */ = {
			isa = XCBuildConfiguration;
			buildSettings = {
				ASSETCATALOG_COMPILER_APPICON_NAME = AppIcon;
				CODE_SIGN_STYLE = Automatic;
				INFOPLIST_FILE = ThaBong/Info.plist;
				LD_RUNPATH_SEARCH_PATHS = (
					"$(inherited)",
					"@executable_path/Frameworks",
				);
				PRODUCT_BUNDLE_IDENTIFIER = com.shinhihi.ThaBong;
				PRODUCT_NAME = "$(TARGET_NAME)";
				SWIFT_VERSION = 5.0;
				TARGETED_DEVICE_FAMILY = "1,2";
			};
			name = Release;
		};
/* End XCBuildConfiguration section */

/* Begin XCConfigurationList section */
		047DA4EA2493B7BE0071A4B7 /* Build configuration list for PBXProject "ThaBong" */ = {
			isa = XCConfigurationList;
			buildConfigurations = (
				047DA5012493B7BF0071A4B7 /* Debug */,
				047DA5022493B7BF0071A4B7 /* Release */,
			);
			defaultConfigurationIsVisible = 0;
			defaultConfigurationName = Release;
		};
		047DA5032493B7BF0071A4B7 /* Build configuration list for PBXNativeTarget "ThaBong" */ = {
			isa = XCConfigurationList;
			buildConfigurations = (
				047DA5042493B7BF0071A4B7 /* Debug */,
				047DA5052493B7BF0071A4B7 /* Release */,
			);
			defaultConfigurationIsVisible = 0;
			defaultConfigurationName = Release;
		};
/* End XCConfigurationList section */
	};
	rootObject = 047DA4E72493B7BE0071A4B7 /* Project object */;
}
